// !$*UTF8*$!
{
	archiveVersion = 1;
	classes = {
	};
	objectVersion = 50;
	objects = {

/* Begin PBXBuildFile section */
		765486CD287AF098003C45FB /* ShadowImageView.swift in Sources */ = {isa = PBXBuildFile; fileRef = 765486CC287AF098003C45FB /* ShadowImageView.swift */; };
		765486D0287AF7E3003C45FB /* NewsTableViewCell.swift in Sources */ = {isa = PBXBuildFile; fileRef = 765486CF287AF7E3003C45FB /* NewsTableViewCell.swift */; };
		768D3DB228797EC9001DC010 /* AppDelegate.swift in Sources */ = {isa = PBXBuildFile; fileRef = 768D3DB128797EC9001DC010 /* AppDelegate.swift */; };
		768D3DB428797EC9001DC010 /* SceneDelegate.swift in Sources */ = {isa = PBXBuildFile; fileRef = 768D3DB328797EC9001DC010 /* SceneDelegate.swift */; };
		768D3DB628797EC9001DC010 /* ViewController.swift in Sources */ = {isa = PBXBuildFile; fileRef = 768D3DB528797EC9001DC010 /* ViewController.swift */; };
		768D3DBB28797ECF001DC010 /* Assets.xcassets in Resources */ = {isa = PBXBuildFile; fileRef = 768D3DBA28797ECF001DC010 /* Assets.xcassets */; };
		768D3DBE28797ECF001DC010 /* LaunchScreen.storyboard in Resources */ = {isa = PBXBuildFile; fileRef = 768D3DBC28797ECF001DC010 /* LaunchScreen.storyboard */; };
		768D3DCA287981BC001DC010 /* APIKey.swift in Sources */ = {isa = PBXBuildFile; fileRef = 768D3DC9287981BC001DC010 /* APIKey.swift */; };
		768D3DCF2879825F001DC010 /* News.swift in Sources */ = {isa = PBXBuildFile; fileRef = 768D3DCE2879825F001DC010 /* News.swift */; };
		768D3DD4287983C7001DC010 /* NetworkManager.swift in Sources */ = {isa = PBXBuildFile; fileRef = 768D3DD3287983C7001DC010 /* NetworkManager.swift */; };
		76AAEE8628798E3F00B880A1 /* NewsViewModel.swift in Sources */ = {isa = PBXBuildFile; fileRef = 76AAEE8528798E3F00B880A1 /* NewsViewModel.swift */; };
		76AAEE8B28798FE600B880A1 /* NewsListViewModel.swift in Sources */ = {isa = PBXBuildFile; fileRef = 76AAEE8A28798FE600B880A1 /* NewsListViewModel.swift */; };
		76AAEE902879953B00B880A1 /* HeaderView.swift in Sources */ = {isa = PBXBuildFile; fileRef = 76AAEE8F2879953B00B880A1 /* HeaderView.swift */; };
/* End PBXBuildFile section */

/* Begin PBXFileReference section */
		765486CC287AF098003C45FB /* ShadowImageView.swift */ = {isa = PBXFileReference; lastKnownFileType = sourcecode.swift; path = ShadowImageView.swift; sourceTree = "<group>"; };
		765486CF287AF7E3003C45FB /* NewsTableViewCell.swift */ = {isa = PBXFileReference; lastKnownFileType = sourcecode.swift; path = NewsTableViewCell.swift; sourceTree = "<group>"; };
		768D3DAE28797EC9001DC010 /* NewsApp.app */ = {isa = PBXFileReference; explicitFileType = wrapper.application; includeInIndex = 0; path = NewsApp.app; sourceTree = BUILT_PRODUCTS_DIR; };
		768D3DB128797EC9001DC010 /* AppDelegate.swift */ = {isa = PBXFileReference; lastKnownFileType = sourcecode.swift; path = AppDelegate.swift; sourceTree = "<group>"; };
		768D3DB328797EC9001DC010 /* SceneDelegate.swift */ = {isa = PBXFileReference; lastKnownFileType = sourcecode.swift; path = SceneDelegate.swift; sourceTree = "<group>"; };
		768D3DB528797EC9001DC010 /* ViewController.swift */ = {isa = PBXFileReference; lastKnownFileType = sourcecode.swift; path = ViewController.swift; sourceTree = "<group>"; };
		768D3DBA28797ECF001DC010 /* Assets.xcassets */ = {isa = PBXFileReference; lastKnownFileType = folder.assetcatalog; path = Assets.xcassets; sourceTree = "<group>"; };
		768D3DBD28797ECF001DC010 /* Base */ = {isa = PBXFileReference; lastKnownFileType = file.storyboard; name = Base; path = Base.lproj/LaunchScreen.storyboard; sourceTree = "<group>"; };
		768D3DBF28797ECF001DC010 /* Info.plist */ = {isa = PBXFileReference; lastKnownFileType = text.plist.xml; path = Info.plist; sourceTree = "<group>"; };
		768D3DC9287981BC001DC010 /* APIKey.swift */ = {isa = PBXFileReference; lastKnownFileType = sourcecode.swift; path = APIKey.swift; sourceTree = "<group>"; };
		768D3DCE2879825F001DC010 /* News.swift */ = {isa = PBXFileReference; lastKnownFileType = sourcecode.swift; path = News.swift; sourceTree = "<group>"; };
		768D3DD3287983C7001DC010 /* NetworkManager.swift */ = {isa = PBXFileReference; lastKnownFileType = sourcecode.swift; path = NetworkManager.swift; sourceTree = "<group>"; };
		76AAEE8528798E3F00B880A1 /* NewsViewModel.swift */ = {isa = PBXFileReference; lastKnownFileType = sourcecode.swift; path = NewsViewModel.swift; sourceTree = "<group>"; };
		76AAEE8A28798FE600B880A1 /* NewsListViewModel.swift */ = {isa = PBXFileReference; lastKnownFileType = sourcecode.swift; path = NewsListViewModel.swift; sourceTree = "<group>"; };
		76AAEE8F2879953B00B880A1 /* HeaderView.swift */ = {isa = PBXFileReference; lastKnownFileType = sourcecode.swift; path = HeaderView.swift; sourceTree = "<group>"; };
/* End PBXFileReference section */

/* Begin PBXFrameworksBuildPhase section */
		768D3DAB28797EC9001DC010 /* Frameworks */ = {
			isa = PBXFrameworksBuildPhase;
			buildActionMask = 2147483647;
			files = (
			);
			runOnlyForDeploymentPostprocessing = 0;
		};
/* End PBXFrameworksBuildPhase section */

/* Begin PBXGroup section */
		768D3DA528797EC9001DC010 = {
			isa = PBXGroup;
			children = (
				768D3DB028797EC9001DC010 /* NewsApp */,
				768D3DAF28797EC9001DC010 /* Products */,
			);
			sourceTree = "<group>";
		};
		768D3DAF28797EC9001DC010 /* Products */ = {
			isa = PBXGroup;
			children = (
				768D3DAE28797EC9001DC010 /* NewsApp.app */,
			);
			name = Products;
			sourceTree = "<group>";
		};
		768D3DB028797EC9001DC010 /* NewsApp */ = {
			isa = PBXGroup;
			children = (
				76AAEE8D2879950F00B880A1 /* Views */,
				76AAEE8328798E1800B880A1 /* ViewModels */,
				768D3DD2287983B4001DC010 /* Services */,
				768D3DCD2879824F001DC010 /* Models */,
				768D3DC8287981A6001DC010 /* Config */,
				768D3DB128797EC9001DC010 /* AppDelegate.swift */,
				768D3DB328797EC9001DC010 /* SceneDelegate.swift */,
				768D3DB528797EC9001DC010 /* ViewController.swift */,
				768D3DBA28797ECF001DC010 /* Assets.xcassets */,
				768D3DBC28797ECF001DC010 /* LaunchScreen.storyboard */,
				768D3DBF28797ECF001DC010 /* Info.plist */,
			);
			path = NewsApp;
			sourceTree = "<group>";
		};
		768D3DC8287981A6001DC010 /* Config */ = {
			isa = PBXGroup;
			children = (
				768D3DC9287981BC001DC010 /* APIKey.swift */,
			);
			path = Config;
			sourceTree = "<group>";
		};
		768D3DCD2879824F001DC010 /* Models */ = {
			isa = PBXGroup;
			children = (
				768D3DCE2879825F001DC010 /* News.swift */,
			);
			path = Models;
			sourceTree = "<group>";
		};
		768D3DD2287983B4001DC010 /* Services */ = {
			isa = PBXGroup;
			children = (
				768D3DD3287983C7001DC010 /* NetworkManager.swift */,
			);
			path = Services;
			sourceTree = "<group>";
		};
		76AAEE8328798E1800B880A1 /* ViewModels */ = {
			isa = PBXGroup;
			children = (
				76AAEE8528798E3F00B880A1 /* NewsViewModel.swift */,
				76AAEE8A28798FE600B880A1 /* NewsListViewModel.swift */,
			);
			path = ViewModels;
			sourceTree = "<group>";
		};
		76AAEE8D2879950F00B880A1 /* Views */ = {
			isa = PBXGroup;
			children = (
				76AAEE8F2879953B00B880A1 /* HeaderView.swift */,
				765486CC287AF098003C45FB /* ShadowImageView.swift */,
				765486CF287AF7E3003C45FB /* NewsTableViewCell.swift */,
			);
			path = Views;
			sourceTree = "<group>";
		};
/* End PBXGroup section */

/* Begin PBXNativeTarget section */
		768D3DAD28797EC9001DC010 /* NewsApp */ = {
			isa = PBXNativeTarget;
			buildConfigurationList = 768D3DC228797ECF001DC010 /* Build configuration list for PBXNativeTarget "NewsApp" */;
			buildPhases = (
				768D3DAA28797EC9001DC010 /* Sources */,
				768D3DAB28797EC9001DC010 /* Frameworks */,
				768D3DAC28797EC9001DC010 /* Resources */,
			);
			buildRules = (
			);
			dependencies = (
			);
			name = NewsApp;
			productName = NewsApp;
			productReference = 768D3DAE28797EC9001DC010 /* NewsApp.app */;
			productType = "com.apple.product-type.application";
		};
/* End PBXNativeTarget section */

/* Begin PBXProject section */
		768D3DA628797EC9001DC010 /* Project object */ = {
			isa = PBXProject;
			attributes = {
				LastSwiftUpdateCheck = 1240;
				LastUpgradeCheck = 1240;
				TargetAttributes = {
					768D3DAD28797EC9001DC010 = {
						CreatedOnToolsVersion = 12.4;
					};
				};
			};
			buildConfigurationList = 768D3DA928797EC9001DC010 /* Build configuration list for PBXProject "NewsApp" */;
			compatibilityVersion = "Xcode 9.3";
			developmentRegion = en;
			hasScannedForEncodings = 0;
			knownRegions = (
				en,
				Base,
			);
			mainGroup = 768D3DA528797EC9001DC010;
			productRefGroup = 768D3DAF28797EC9001DC010 /* Products */;
			projectDirPath = "";
			projectRoot = "";
			targets = (
				768D3DAD28797EC9001DC010 /* NewsApp */,
			);
		};
/* End PBXProject section */

/* Begin PBXResourcesBuildPhase section */
		768D3DAC28797EC9001DC010 /* Resources */ = {
			isa = PBXResourcesBuildPhase;
			buildActionMask = 2147483647;
			files = (
				768D3DBE28797ECF001DC010 /* LaunchScreen.storyboard in Resources */,
				768D3DBB28797ECF001DC010 /* Assets.xcassets in Resources */,
			);
			runOnlyForDeploymentPostprocessing = 0;
		};
/* End PBXResourcesBuildPhase section */

/* Begin PBXSourcesBuildPhase section */
		768D3DAA28797EC9001DC010 /* Sources */ = {
			isa = PBXSourcesBuildPhase;
			buildActionMask = 2147483647;
			files = (
				768D3DD4287983C7001DC010 /* NetworkManager.swift in Sources */,
				765486D0287AF7E3003C45FB /* NewsTableViewCell.swift in Sources */,
				76AAEE902879953B00B880A1 /* HeaderView.swift in Sources */,
				76AAEE8628798E3F00B880A1 /* NewsViewModel.swift in Sources */,
				768D3DB628797EC9001DC010 /* ViewController.swift in Sources */,
				768D3DB228797EC9001DC010 /* AppDelegate.swift in Sources */,
				768D3DCA287981BC001DC010 /* APIKey.swift in Sources */,
				768D3DCF2879825F001DC010 /* News.swift in Sources */,
				768D3DB428797EC9001DC010 /* SceneDelegate.swift in Sources */,
				765486CD287AF098003C45FB /* ShadowImageView.swift in Sources */,
				76AAEE8B28798FE600B880A1 /* NewsListViewModel.swift in Sources */,
			);
			runOnlyForDeploymentPostprocessing = 0;
		};
/* End PBXSourcesBuildPhase section */

/* Begin PBXVariantGroup section */
		768D3DBC28797ECF001DC010 /* LaunchScreen.storyboard */ = {
			isa = PBXVariantGroup;
			children = (
				768D3DBD28797ECF001DC010 /* Base */,
			);
			name = LaunchScreen.storyboard;
			sourceTree = "<group>";
		};
/* End PBXVariantGroup section */

/* Begin XCBuildConfiguration section */
		768D3DC028797ECF001DC010 /* Debug */ = {
			isa = XCBuildConfiguration;
			buildSettings = {
				ALWAYS_SEARCH_USER_PATHS = NO;
				CLANG_ANALYZER_NONNULL = YES;
				CLANG_ANALYZER_NUMBER_OBJECT_CONVERSION = YES_AGGRESSIVE;
				CLANG_CXX_LANGUAGE_STANDARD = "gnu++14";
				CLANG_CXX_LIBRARY = "libc++";
				CLANG_ENABLE_MODULES = YES;
				CLANG_ENABLE_OBJC_ARC = YES;
				CLANG_ENABLE_OBJC_WEAK = YES;
				CLANG_WARN_BLOCK_CAPTURE_AUTORELEASING = YES;
				CLANG_WARN_BOOL_CONVERSION = YES;
				CLANG_WARN_COMMA = YES;
				CLANG_WARN_CONSTANT_CONVERSION = YES;
				CLANG_WARN_DEPRECATED_OBJC_IMPLEMENTATIONS = YES;
				CLANG_WARN_DIRECT_OBJC_ISA_USAGE = YES_ERROR;
				CLANG_WARN_DOCUMENTATION_COMMENTS = YES;
				CLANG_WARN_EMPTY_BODY = YES;
				CLANG_WARN_ENUM_CONVERSION = YES;
				CLANG_WARN_INFINITE_RECURSION = YES;
				CLANG_WARN_INT_CONVERSION = YES;
				CLANG_WARN_NON_LITERAL_NULL_CONVERSION = YES;
				CLANG_WARN_OBJC_IMPLICIT_RETAIN_SELF = YES;
				CLANG_WARN_OBJC_LITERAL_CONVERSION = YES;
				CLANG_WARN_OBJC_ROOT_CLASS = YES_ERROR;
				CLANG_WARN_QUOTED_INCLUDE_IN_FRAMEWORK_HEADER = YES;
				CLANG_WARN_RANGE_LOOP_ANALYSIS = YES;
				CLANG_WARN_STRICT_PROTOTYPES = YES;
				CLANG_WARN_SUSPICIOUS_MOVE = YES;
				CLANG_WARN_UNGUARDED_AVAILABILITY = YES_AGGRESSIVE;
				CLANG_WARN_UNREACHABLE_CODE = YES;
				CLANG_WARN__DUPLICATE_METHOD_MATCH = YES;
				COPY_PHASE_STRIP = NO;
				DEBUG_INFORMATION_FORMAT = dwarf;
				ENABLE_STRICT_OBJC_MSGSEND = YES;
				ENABLE_TESTABILITY = YES;
				GCC_C_LANGUAGE_STANDARD = gnu11;
				GCC_DYNAMIC_NO_PIC = NO;
				GCC_NO_COMMON_BLOCKS = YES;
				GCC_OPTIMIZATION_LEVEL = 0;
				GCC_PREPROCESSOR_DEFINITIONS = (
					"DEBUG=1",
					"$(inherited)",
				);
				GCC_WARN_64_TO_32_BIT_CONVERSION = YES;
				GCC_WARN_ABOUT_RETURN_TYPE = YES_ERROR;
				GCC_WARN_UNDECLARED_SELECTOR = YES;
				GCC_WARN_UNINITIALIZED_AUTOS = YES_AGGRESSIVE;
				GCC_WARN_UNUSED_FUNCTION = YES;
				GCC_WARN_UNUSED_VARIABLE = YES;
				IPHONEOS_DEPLOYMENT_TARGET = 14.4;
				MTL_ENABLE_DEBUG_INFO = INCLUDE_SOURCE;
				MTL_FAST_MATH = YES;
				ONLY_ACTIVE_ARCH = YES;
				SDKROOT = iphoneos;
				SWIFT_ACTIVE_COMPILATION_CONDITIONS = DEBUG;
				SWIFT_OPTIMIZATION_LEVEL = "-Onone";
			};
			name = Debug;
		};
		768D3DC128797ECF001DC010 /* Release */ = {
			isa = XCBuildConfiguration;
			buildSettings = {
				ALWAYS_SEARCH_USER_PATHS = NO;
				CLANG_ANALYZER_NONNULL = YES;
				CLANG_ANALYZER_NUMBER_OBJECT_CONVERSION = YES_AGGRESSIVE;
				CLANG_CXX_LANGUAGE_STANDARD = "gnu++14";
				CLANG_CXX_LIBRARY = "libc++";
				CLANG_ENABLE_MODULES = YES;
				CLANG_ENABLE_OBJC_ARC = YES;
				CLANG_ENABLE_OBJC_WEAK = YES;
				CLANG_WARN_BLOCK_CAPTURE_AUTORELEASING = YES;
				CLANG_WARN_BOOL_CONVERSION = YES;
				CLANG_WARN_COMMA = YES;
				CLANG_WARN_CONSTANT_CONVERSION = YES;
				CLANG_WARN_DEPRECATED_OBJC_IMPLEMENTATIONS = YES;
				CLANG_WARN_DIRECT_OBJC_ISA_USAGE = YES_ERROR;
				CLANG_WARN_DOCUMENTATION_COMMENTS = YES;
				CLANG_WARN_EMPTY_BODY = YES;
				CLANG_WARN_ENUM_CONVERSION = YES;
				CLANG_WARN_INFINITE_RECURSION = YES;
				CLANG_WARN_INT_CONVERSION = YES;
				CLANG_WARN_NON_LITERAL_NULL_CONVERSION = YES;
				CLANG_WARN_OBJC_IMPLICIT_RETAIN_SELF = YES;
				CLANG_WARN_OBJC_LITERAL_CONVERSION = YES;
				CLANG_WARN_OBJC_ROOT_CLASS = YES_ERROR;
				CLANG_WARN_QUOTED_INCLUDE_IN_FRAMEWORK_HEADER = YES;
				CLANG_WARN_RANGE_LOOP_ANALYSIS = YES;
				CLANG_WARN_STRICT_PROTOTYPES = YES;
				CLANG_WARN_SUSPICIOUS_MOVE = YES;
				CLANG_WARN_UNGUARDED_AVAILABILITY = YES_AGGRESSIVE;
				CLANG_WARN_UNREACHABLE_CODE = YES;
				CLANG_WARN__DUPLICATE_METHOD_MATCH = YES;
				COPY_PHASE_STRIP = NO;
				DEBUG_INFORMATION_FORMAT = "dwarf-with-dsym";
				ENABLE_NS_ASSERTIONS = NO;
				ENABLE_STRICT_OBJC_MSGSEND = YES;
				GCC_C_LANGUAGE_STANDARD = gnu11;
				GCC_NO_COMMON_BLOCKS = YES;
				GCC_WARN_64_TO_32_BIT_CONVERSION = YES;
				GCC_WARN_ABOUT_RETURN_TYPE = YES_ERROR;
				GCC_WARN_UNDECLARED_SELECTOR = YES;
				GCC_WARN_UNINITIALIZED_AUTOS = YES_AGGRESSIVE;
				GCC_WARN_UNUSED_FUNCTION = YES;
				GCC_WARN_UNUSED_VARIABLE = YES;
				IPHONEOS_DEPLOYMENT_TARGET = 14.4;
				MTL_ENABLE_DEBUG_INFO = NO;
				MTL_FAST_MATH = YES;
				SDKROOT = iphoneos;
				SWIFT_COMPILATION_MODE = wholemodule;
				SWIFT_OPTIMIZATION_LEVEL = "-O";
				VALIDATE_PRODUCT = YES;
			};
			name = Release;
		};
		768D3DC328797ECF001DC010 /* Debug */ = {
			isa = XCBuildConfiguration;
			buildSettings = {
				ASSETCATALOG_COMPILER_APPICON_NAME = AppIcon;
				ASSETCATALOG_COMPILER_GLOBAL_ACCENT_COLOR_NAME = AccentColor;
				CODE_SIGN_STYLE = Automatic;
				DEVELOPMENT_TEAM = 9S5AJR5C22;
				INFOPLIST_FILE = NewsApp/Info.plist;
				IPHONEOS_DEPLOYMENT_TARGET = 14.1;
				LD_RUNPATH_SEARCH_PATHS = (
					"$(inherited)",
					"@executable_path/Frameworks",
				);
				PRODUCT_BUNDLE_IDENTIFIER = com.rzamolotov.NewsApp;
				PRODUCT_NAME = "$(TARGET_NAME)";
				SWIFT_VERSION = 5.0;
				TARGETED_DEVICE_FAMILY = 1;
			};
			name = Debug;
		};
		768D3DC428797ECF001DC010 /* Release */ = {
			isa = XCBuildConfiguration;
			buildSettings = {
				ASSETCATALOG_COMPILER_APPICON_NAME = AppIcon;
				ASSETCATALOG_COMPILER_GLOBAL_ACCENT_COLOR_NAME = AccentColor;
				CODE_SIGN_STYLE = Automatic;
				DEVELOPMENT_TEAM = 9S5AJR5C22;
				INFOPLIST_FILE = NewsApp/Info.plist;
				IPHONEOS_DEPLOYMENT_TARGET = 14.1;
				LD_RUNPATH_SEARCH_PATHS = (
					"$(inherited)",
					"@executable_path/Frameworks",
				);
				PRODUCT_BUNDLE_IDENTIFIER = com.rzamolotov.NewsApp;
				PRODUCT_NAME = "$(TARGET_NAME)";
				SWIFT_VERSION = 5.0;
				TARGETED_DEVICE_FAMILY = 1;
			};
			name = Release;
		};
/* End XCBuildConfiguration section */

/* Begin XCConfigurationList section */
		768D3DA928797EC9001DC010 /* Build configuration list for PBXProject "NewsApp" */ = {
			isa = XCConfigurationList;
			buildConfigurations = (
				768D3DC028797ECF001DC010 /* Debug */,
				768D3DC128797ECF001DC010 /* Release */,
			);
			defaultConfigurationIsVisible = 0;
			defaultConfigurationName = Release;
		};
		768D3DC228797ECF001DC010 /* Build configuration list for PBXNativeTarget "NewsApp" */ = {
			isa = XCConfigurationList;
			buildConfigurations = (
				768D3DC328797ECF001DC010 /* Debug */,
				768D3DC428797ECF001DC010 /* Release */,
			);
			defaultConfigurationIsVisible = 0;
			defaultConfigurationName = Release;
		};
/* End XCConfigurationList section */
	};
	rootObject = 768D3DA628797EC9001DC010 /* Project object */;
}
